// !$*UTF8*$!
{
	archiveVersion = 1;
	classes = {
	};
	objectVersion = 52;
	objects = {

/* Begin PBXBuildFile section */
		55A2AC9B2382EA5200790AE1 /* MovieListUITests.swift in Sources */ = {isa = PBXBuildFile; fileRef = 55A2AC9A2382EA5200790AE1 /* MovieListUITests.swift */; };
		55F855EB237E5B50000B0491 /* AppDelegate.swift in Sources */ = {isa = PBXBuildFile; fileRef = 55F855EA237E5B50000B0491 /* AppDelegate.swift */; };
		55F855ED237E5B50000B0491 /* SceneDelegate.swift in Sources */ = {isa = PBXBuildFile; fileRef = 55F855EC237E5B50000B0491 /* SceneDelegate.swift */; };
		55F855EF237E5B50000B0491 /* MovieListViewController.swift in Sources */ = {isa = PBXBuildFile; fileRef = 55F855EE237E5B50000B0491 /* MovieListViewController.swift */; };
		55F855F2237E5B50000B0491 /* Main.storyboard in Resources */ = {isa = PBXBuildFile; fileRef = 55F855F0237E5B50000B0491 /* Main.storyboard */; };
		55F855F4237E5B50000B0491 /* Assets.xcassets in Resources */ = {isa = PBXBuildFile; fileRef = 55F855F3237E5B50000B0491 /* Assets.xcassets */; };
		55F855F7237E5B50000B0491 /* LaunchScreen.storyboard in Resources */ = {isa = PBXBuildFile; fileRef = 55F855F5237E5B50000B0491 /* LaunchScreen.storyboard */; };
		55F85602237E5B50000B0491 /* MovieListTests.swift in Sources */ = {isa = PBXBuildFile; fileRef = 55F85601237E5B50000B0491 /* MovieListTests.swift */; };
		55F85613237E5FA0000B0491 /* MovieListLogicTests.swift in Sources */ = {isa = PBXBuildFile; fileRef = 55F85612237E5FA0000B0491 /* MovieListLogicTests.swift */; };
		55F85617237E6096000B0491 /* MovieListModel.swift in Sources */ = {isa = PBXBuildFile; fileRef = 55F85616237E6096000B0491 /* MovieListModel.swift */; };
		55F85619237E60B5000B0491 /* MovieListEvent.swift in Sources */ = {isa = PBXBuildFile; fileRef = 55F85618237E60B5000B0491 /* MovieListEvent.swift */; };
		55F8561B237E60CE000B0491 /* MovieListEffect.swift in Sources */ = {isa = PBXBuildFile; fileRef = 55F8561A237E60CE000B0491 /* MovieListEffect.swift */; };
		55F8561D237E61C5000B0491 /* MoviesListLogic.swift in Sources */ = {isa = PBXBuildFile; fileRef = 55F8561C237E61C5000B0491 /* MoviesListLogic.swift */; };
		55F85620237E62A2000B0491 /* FetchEvent.swift in Sources */ = {isa = PBXBuildFile; fileRef = 55F8561F237E62A2000B0491 /* FetchEvent.swift */; };
		55F85623237E6306000B0491 /* Movie.swift in Sources */ = {isa = PBXBuildFile; fileRef = 55F85622237E6306000B0491 /* Movie.swift */; };
		55F85625237E6AF0000B0491 /* MovieListEffectTests.swift in Sources */ = {isa = PBXBuildFile; fileRef = 55F85624237E6AF0000B0491 /* MovieListEffectTests.swift */; };
		55F85627237E6BCB000B0491 /* MovieListEffectHandler.swift in Sources */ = {isa = PBXBuildFile; fileRef = 55F85626237E6BCB000B0491 /* MovieListEffectHandler.swift */; };
		55F85629237E6C95000B0491 /* MovieListAction.swift in Sources */ = {isa = PBXBuildFile; fileRef = 55F85628237E6C95000B0491 /* MovieListAction.swift */; };
		55F8562C237E6EA9000B0491 /* SpyableMovieListAction.swift in Sources */ = {isa = PBXBuildFile; fileRef = 55F8562B237E6EA9000B0491 /* SpyableMovieListAction.swift */; };
		55F8562F237E6F61000B0491 /* GeneratedMocks.swift in Sources */ = {isa = PBXBuildFile; fileRef = 55F8562E237E6F61000B0491 /* GeneratedMocks.swift */; };
		55F85631237E7559000B0491 /* Action.swift in Sources */ = {isa = PBXBuildFile; fileRef = 55F85630237E7559000B0491 /* Action.swift */; };
		55F85633237E756C000B0491 /* Content.swift in Sources */ = {isa = PBXBuildFile; fileRef = 55F85632237E756C000B0491 /* Content.swift */; };
		55F85635237E7577000B0491 /* Card.swift in Sources */ = {isa = PBXBuildFile; fileRef = 55F85634237E7577000B0491 /* Card.swift */; };
		55F85637237E75AE000B0491 /* MovieData.swift in Sources */ = {isa = PBXBuildFile; fileRef = 55F85636237E75AE000B0491 /* MovieData.swift */; };
		55F8563C237E763C000B0491 /* ApiService.swift in Sources */ = {isa = PBXBuildFile; fileRef = 55F8563B237E763C000B0491 /* ApiService.swift */; };
		55F8563E237E7692000B0491 /* MovieService.swift in Sources */ = {isa = PBXBuildFile; fileRef = 55F8563D237E7692000B0491 /* MovieService.swift */; };
		55F85640237E7C6F000B0491 /* MovieListView.swift in Sources */ = {isa = PBXBuildFile; fileRef = 55F8563F237E7C6F000B0491 /* MovieListView.swift */; };
		55F85642237E7CB8000B0491 /* MovieListViewRenderer.swift in Sources */ = {isa = PBXBuildFile; fileRef = 55F85641237E7CB8000B0491 /* MovieListViewRenderer.swift */; };
		55F85644237E7F37000B0491 /* MovieListTableViewCell.swift in Sources */ = {isa = PBXBuildFile; fileRef = 55F85643237E7F37000B0491 /* MovieListTableViewCell.swift */; };
		55F85649237E8F6D000B0491 /* MovieDetailViewController.swift in Sources */ = {isa = PBXBuildFile; fileRef = 55F85648237E8F6D000B0491 /* MovieDetailViewController.swift */; };
		63C4682228AFD359007C634E /* MobiusCore in Frameworks */ = {isa = PBXBuildFile; productRef = 63C4682128AFD359007C634E /* MobiusCore */; };
		63C4682428AFD359007C634E /* MobiusExtras in Frameworks */ = {isa = PBXBuildFile; productRef = 63C4682328AFD359007C634E /* MobiusExtras */; };
		63C4682628AFD359007C634E /* MobiusNimble in Frameworks */ = {isa = PBXBuildFile; productRef = 63C4682528AFD359007C634E /* MobiusNimble */; };
		63C4682828AFD359007C634E /* MobiusTest in Frameworks */ = {isa = PBXBuildFile; productRef = 63C4682728AFD359007C634E /* MobiusTest */; };
/* End PBXBuildFile section */

/* Begin PBXContainerItemProxy section */
		55A2AC9D2382EA5200790AE1 /* PBXContainerItemProxy */ = {
			isa = PBXContainerItemProxy;
			containerPortal = 55F855DF237E5B50000B0491 /* Project object */;
			proxyType = 1;
			remoteGlobalIDString = 55F855E6237E5B50000B0491;
			remoteInfo = MovieList;
		};
		55F855FE237E5B50000B0491 /* PBXContainerItemProxy */ = {
			isa = PBXContainerItemProxy;
			containerPortal = 55F855DF237E5B50000B0491 /* Project object */;
			proxyType = 1;
			remoteGlobalIDString = 55F855E6237E5B50000B0491;
			remoteInfo = MovieList;
		};
/* End PBXContainerItemProxy section */

/* Begin PBXFileReference section */
		55A2AC982382EA5200790AE1 /* MovieListUITests.xctest */ = {isa = PBXFileReference; explicitFileType = wrapper.cfbundle; includeInIndex = 0; path = MovieListUITests.xctest; sourceTree = BUILT_PRODUCTS_DIR; };
		55A2AC9A2382EA5200790AE1 /* MovieListUITests.swift */ = {isa = PBXFileReference; lastKnownFileType = sourcecode.swift; path = MovieListUITests.swift; sourceTree = "<group>"; };
		55A2AC9C2382EA5200790AE1 /* Info.plist */ = {isa = PBXFileReference; lastKnownFileType = text.plist.xml; path = Info.plist; sourceTree = "<group>"; };
		55F855E7237E5B50000B0491 /* MovieList.app */ = {isa = PBXFileReference; explicitFileType = wrapper.application; includeInIndex = 0; path = MovieList.app; sourceTree = BUILT_PRODUCTS_DIR; };
		55F855EA237E5B50000B0491 /* AppDelegate.swift */ = {isa = PBXFileReference; lastKnownFileType = sourcecode.swift; path = AppDelegate.swift; sourceTree = "<group>"; };
		55F855EC237E5B50000B0491 /* SceneDelegate.swift */ = {isa = PBXFileReference; lastKnownFileType = sourcecode.swift; path = SceneDelegate.swift; sourceTree = "<group>"; };
		55F855EE237E5B50000B0491 /* MovieListViewController.swift */ = {isa = PBXFileReference; lastKnownFileType = sourcecode.swift; path = MovieListViewController.swift; sourceTree = "<group>"; };
		55F855F1237E5B50000B0491 /* Base */ = {isa = PBXFileReference; lastKnownFileType = file.storyboard; name = Base; path = Base.lproj/Main.storyboard; sourceTree = "<group>"; };
		55F855F3237E5B50000B0491 /* Assets.xcassets */ = {isa = PBXFileReference; lastKnownFileType = folder.assetcatalog; path = Assets.xcassets; sourceTree = "<group>"; };
		55F855F6237E5B50000B0491 /* Base */ = {isa = PBXFileReference; lastKnownFileType = file.storyboard; name = Base; path = Base.lproj/LaunchScreen.storyboard; sourceTree = "<group>"; };
		55F855F8237E5B50000B0491 /* Info.plist */ = {isa = PBXFileReference; lastKnownFileType = text.plist.xml; path = Info.plist; sourceTree = "<group>"; };
		55F855FD237E5B50000B0491 /* MovieListTests.xctest */ = {isa = PBXFileReference; explicitFileType = wrapper.cfbundle; includeInIndex = 0; path = MovieListTests.xctest; sourceTree = BUILT_PRODUCTS_DIR; };
		55F85601237E5B50000B0491 /* MovieListTests.swift */ = {isa = PBXFileReference; lastKnownFileType = sourcecode.swift; path = MovieListTests.swift; sourceTree = "<group>"; };
		55F85603237E5B50000B0491 /* Info.plist */ = {isa = PBXFileReference; lastKnownFileType = text.plist.xml; path = Info.plist; sourceTree = "<group>"; };
		55F85612237E5FA0000B0491 /* MovieListLogicTests.swift */ = {isa = PBXFileReference; lastKnownFileType = sourcecode.swift; path = MovieListLogicTests.swift; sourceTree = "<group>"; };
		55F85616237E6096000B0491 /* MovieListModel.swift */ = {isa = PBXFileReference; lastKnownFileType = sourcecode.swift; path = MovieListModel.swift; sourceTree = "<group>"; };
		55F85618237E60B5000B0491 /* MovieListEvent.swift */ = {isa = PBXFileReference; lastKnownFileType = sourcecode.swift; path = MovieListEvent.swift; sourceTree = "<group>"; };
		55F8561A237E60CE000B0491 /* MovieListEffect.swift */ = {isa = PBXFileReference; lastKnownFileType = sourcecode.swift; path = MovieListEffect.swift; sourceTree = "<group>"; };
		55F8561C237E61C5000B0491 /* MoviesListLogic.swift */ = {isa = PBXFileReference; lastKnownFileType = sourcecode.swift; path = MoviesListLogic.swift; sourceTree = "<group>"; };
		55F8561F237E62A2000B0491 /* FetchEvent.swift */ = {isa = PBXFileReference; lastKnownFileType = sourcecode.swift; path = FetchEvent.swift; sourceTree = "<group>"; };
		55F85622237E6306000B0491 /* Movie.swift */ = {isa = PBXFileReference; lastKnownFileType = sourcecode.swift; path = Movie.swift; sourceTree = "<group>"; };
		55F85624237E6AF0000B0491 /* MovieListEffectTests.swift */ = {isa = PBXFileReference; lastKnownFileType = sourcecode.swift; path = MovieListEffectTests.swift; sourceTree = "<group>"; };
		55F85626237E6BCB000B0491 /* MovieListEffectHandler.swift */ = {isa = PBXFileReference; lastKnownFileType = sourcecode.swift; path = MovieListEffectHandler.swift; sourceTree = "<group>"; };
		55F85628237E6C95000B0491 /* MovieListAction.swift */ = {isa = PBXFileReference; lastKnownFileType = sourcecode.swift; path = MovieListAction.swift; sourceTree = "<group>"; };
		55F8562B237E6EA9000B0491 /* SpyableMovieListAction.swift */ = {isa = PBXFileReference; lastKnownFileType = sourcecode.swift; path = SpyableMovieListAction.swift; sourceTree = "<group>"; };
		55F8562E237E6F61000B0491 /* GeneratedMocks.swift */ = {isa = PBXFileReference; fileEncoding = 4; lastKnownFileType = sourcecode.swift; path = GeneratedMocks.swift; sourceTree = "<group>"; };
		55F85630237E7559000B0491 /* Action.swift */ = {isa = PBXFileReference; lastKnownFileType = sourcecode.swift; path = Action.swift; sourceTree = "<group>"; };
		55F85632237E756C000B0491 /* Content.swift */ = {isa = PBXFileReference; lastKnownFileType = sourcecode.swift; path = Content.swift; sourceTree = "<group>"; };
		55F85634237E7577000B0491 /* Card.swift */ = {isa = PBXFileReference; lastKnownFileType = sourcecode.swift; path = Card.swift; sourceTree = "<group>"; };
		55F85636237E75AE000B0491 /* MovieData.swift */ = {isa = PBXFileReference; lastKnownFileType = sourcecode.swift; path = MovieData.swift; sourceTree = "<group>"; };
		55F8563B237E763C000B0491 /* ApiService.swift */ = {isa = PBXFileReference; lastKnownFileType = sourcecode.swift; path = ApiService.swift; sourceTree = "<group>"; };
		55F8563D237E7692000B0491 /* MovieService.swift */ = {isa = PBXFileReference; lastKnownFileType = sourcecode.swift; path = MovieService.swift; sourceTree = "<group>"; };
		55F8563F237E7C6F000B0491 /* MovieListView.swift */ = {isa = PBXFileReference; lastKnownFileType = sourcecode.swift; path = MovieListView.swift; sourceTree = "<group>"; };
		55F85641237E7CB8000B0491 /* MovieListViewRenderer.swift */ = {isa = PBXFileReference; lastKnownFileType = sourcecode.swift; path = MovieListViewRenderer.swift; sourceTree = "<group>"; };
		55F85643237E7F37000B0491 /* MovieListTableViewCell.swift */ = {isa = PBXFileReference; lastKnownFileType = sourcecode.swift; path = MovieListTableViewCell.swift; sourceTree = "<group>"; };
		55F85648237E8F6D000B0491 /* MovieDetailViewController.swift */ = {isa = PBXFileReference; lastKnownFileType = sourcecode.swift; path = MovieDetailViewController.swift; sourceTree = "<group>"; };
/* End PBXFileReference section */

/* Begin PBXFrameworksBuildPhase section */
		55A2AC952382EA5200790AE1 /* Frameworks */ = {
			isa = PBXFrameworksBuildPhase;
			buildActionMask = 2147483647;
			files = (
			);
			runOnlyForDeploymentPostprocessing = 0;
		};
		55F855E4237E5B50000B0491 /* Frameworks */ = {
			isa = PBXFrameworksBuildPhase;
			buildActionMask = 2147483647;
			files = (
				63C4682428AFD359007C634E /* MobiusExtras in Frameworks */,
				63C4682228AFD359007C634E /* MobiusCore in Frameworks */,
			);
			runOnlyForDeploymentPostprocessing = 0;
		};
		55F855FA237E5B50000B0491 /* Frameworks */ = {
			isa = PBXFrameworksBuildPhase;
			buildActionMask = 2147483647;
			files = (
				63C4682628AFD359007C634E /* MobiusNimble in Frameworks */,
				63C4682828AFD359007C634E /* MobiusTest in Frameworks */,
			);
			runOnlyForDeploymentPostprocessing = 0;
		};
/* End PBXFrameworksBuildPhase section */

/* Begin PBXGroup section */
		55A2AC992382EA5200790AE1 /* MovieListUITests */ = {
			isa = PBXGroup;
			children = (
				55A2AC9A2382EA5200790AE1 /* MovieListUITests.swift */,
				55A2AC9C2382EA5200790AE1 /* Info.plist */,
			);
			path = MovieListUITests;
			sourceTree = "<group>";
		};
		55F855DE237E5B50000B0491 = {
			isa = PBXGroup;
			children = (
				55F855E9237E5B50000B0491 /* MovieList */,
				55F85600237E5B50000B0491 /* MovieListTests */,
				55A2AC992382EA5200790AE1 /* MovieListUITests */,
				55F855E8237E5B50000B0491 /* Products */,
				78CC0F648C6F35D51BFE348F /* Pods */,
			);
			sourceTree = "<group>";
		};
		55F855E8237E5B50000B0491 /* Products */ = {
			isa = PBXGroup;
			children = (
				55F855E7237E5B50000B0491 /* MovieList.app */,
				55F855FD237E5B50000B0491 /* MovieListTests.xctest */,
				55A2AC982382EA5200790AE1 /* MovieListUITests.xctest */,
			);
			name = Products;
			sourceTree = "<group>";
		};
		55F855E9237E5B50000B0491 /* MovieList */ = {
			isa = PBXGroup;
			children = (
				55F85638237E7615000B0491 /* Api */,
				55F8560D237E5BC3000B0491 /* Delegates */,
				55F85647237E8EE4000B0491 /* MovieDetail */,
				55F8560F237E5BDD000B0491 /* MovieList */,
				55F85610237E5BF4000B0491 /* Resources */,
				55F8560E237E5BD1000B0491 /* Storyboards */,
			);
			path = MovieList;
			sourceTree = "<group>";
		};
		55F85600237E5B50000B0491 /* MovieListTests */ = {
			isa = PBXGroup;
			children = (
				55F8562D237E6F29000B0491 /* Mocks */,
				55F85611237E5F7D000B0491 /* MovieDB */,
				55F85601237E5B50000B0491 /* MovieListTests.swift */,
				55F85603237E5B50000B0491 /* Info.plist */,
			);
			path = MovieListTests;
			sourceTree = "<group>";
		};
		55F8560D237E5BC3000B0491 /* Delegates */ = {
			isa = PBXGroup;
			children = (
				55F855EA237E5B50000B0491 /* AppDelegate.swift */,
				55F855EC237E5B50000B0491 /* SceneDelegate.swift */,
			);
			path = Delegates;
			sourceTree = "<group>";
		};
		55F8560E237E5BD1000B0491 /* Storyboards */ = {
			isa = PBXGroup;
			children = (
				55F855F0237E5B50000B0491 /* Main.storyboard */,
				55F855F5237E5B50000B0491 /* LaunchScreen.storyboard */,
			);
			path = Storyboards;
			sourceTree = "<group>";
		};
		55F8560F237E5BDD000B0491 /* MovieList */ = {
			isa = PBXGroup;
			children = (
				55F8561E237E6293000B0491 /* Common */,
				55F85621237E62F9000B0491 /* Model */,
				55F85628237E6C95000B0491 /* MovieListAction.swift */,
				55F8561A237E60CE000B0491 /* MovieListEffect.swift */,
				55F85626237E6BCB000B0491 /* MovieListEffectHandler.swift */,
				55F85618237E60B5000B0491 /* MovieListEvent.swift */,
				55F85616237E6096000B0491 /* MovieListModel.swift */,
				55F85643237E7F37000B0491 /* MovieListTableViewCell.swift */,
				55F8563F237E7C6F000B0491 /* MovieListView.swift */,
				55F855EE237E5B50000B0491 /* MovieListViewController.swift */,
				55F85641237E7CB8000B0491 /* MovieListViewRenderer.swift */,
				55F8561C237E61C5000B0491 /* MoviesListLogic.swift */,
			);
			path = MovieList;
			sourceTree = "<group>";
		};
		55F85610237E5BF4000B0491 /* Resources */ = {
			isa = PBXGroup;
			children = (
				55F855F3237E5B50000B0491 /* Assets.xcassets */,
				55F855F8237E5B50000B0491 /* Info.plist */,
			);
			path = Resources;
			sourceTree = "<group>";
		};
		55F85611237E5F7D000B0491 /* MovieDB */ = {
			isa = PBXGroup;
			children = (
				55F85624237E6AF0000B0491 /* MovieListEffectTests.swift */,
				55F85612237E5FA0000B0491 /* MovieListLogicTests.swift */,
				55F8562B237E6EA9000B0491 /* SpyableMovieListAction.swift */,
			);
			path = MovieDB;
			sourceTree = "<group>";
		};
		55F8561E237E6293000B0491 /* Common */ = {
			isa = PBXGroup;
			children = (
				55F8561F237E62A2000B0491 /* FetchEvent.swift */,
			);
			path = Common;
			sourceTree = "<group>";
		};
		55F85621237E62F9000B0491 /* Model */ = {
			isa = PBXGroup;
			children = (
				55F85630237E7559000B0491 /* Action.swift */,
				55F85634237E7577000B0491 /* Card.swift */,
				55F85632237E756C000B0491 /* Content.swift */,
				55F85622237E6306000B0491 /* Movie.swift */,
				55F85636237E75AE000B0491 /* MovieData.swift */,
			);
			path = Model;
			sourceTree = "<group>";
		};
		55F8562D237E6F29000B0491 /* Mocks */ = {
			isa = PBXGroup;
			children = (
				55F8562E237E6F61000B0491 /* GeneratedMocks.swift */,
			);
			path = Mocks;
			sourceTree = "<group>";
		};
		55F85638237E7615000B0491 /* Api */ = {
			isa = PBXGroup;
			children = (
				55F8563B237E763C000B0491 /* ApiService.swift */,
				55F8563D237E7692000B0491 /* MovieService.swift */,
			);
			path = Api;
			sourceTree = "<group>";
		};
		55F85647237E8EE4000B0491 /* MovieDetail */ = {
			isa = PBXGroup;
			children = (
				55F85648237E8F6D000B0491 /* MovieDetailViewController.swift */,
			);
			path = MovieDetail;
			sourceTree = "<group>";
		};
		78CC0F648C6F35D51BFE348F /* Pods */ = {
			isa = PBXGroup;
			children = (
			);
			path = Pods;
			sourceTree = "<group>";
		};
/* End PBXGroup section */

/* Begin PBXNativeTarget section */
		55A2AC972382EA5200790AE1 /* MovieListUITests */ = {
			isa = PBXNativeTarget;
			buildConfigurationList = 55A2ACA12382EA5200790AE1 /* Build configuration list for PBXNativeTarget "MovieListUITests" */;
			buildPhases = (
				55A2AC942382EA5200790AE1 /* Sources */,
				55A2AC952382EA5200790AE1 /* Frameworks */,
				55A2AC962382EA5200790AE1 /* Resources */,
			);
			buildRules = (
			);
			dependencies = (
				55A2AC9E2382EA5200790AE1 /* PBXTargetDependency */,
			);
			name = MovieListUITests;
			productName = MovieListUITests;
			productReference = 55A2AC982382EA5200790AE1 /* MovieListUITests.xctest */;
			productType = "com.apple.product-type.bundle.ui-testing";
		};
		55F855E6237E5B50000B0491 /* MovieList */ = {
			isa = PBXNativeTarget;
			buildConfigurationList = 55F85606237E5B50000B0491 /* Build configuration list for PBXNativeTarget "MovieList" */;
			buildPhases = (
				55F855E3237E5B50000B0491 /* Sources */,
				55F855E4237E5B50000B0491 /* Frameworks */,
				55F855E5237E5B50000B0491 /* Resources */,
			);
			buildRules = (
			);
			dependencies = (
			);
			name = MovieList;
			packageProductDependencies = (
				63C4682128AFD359007C634E /* MobiusCore */,
				63C4682328AFD359007C634E /* MobiusExtras */,
			);
			productName = MovieList;
			productReference = 55F855E7237E5B50000B0491 /* MovieList.app */;
			productType = "com.apple.product-type.application";
		};
		55F855FC237E5B50000B0491 /* MovieListTests */ = {
			isa = PBXNativeTarget;
			buildConfigurationList = 55F85609237E5B50000B0491 /* Build configuration list for PBXNativeTarget "MovieListTests" */;
			buildPhases = (
				55F8562A237E6D23000B0491 /* Cuckoo - mock generator */,
				55F855F9237E5B50000B0491 /* Sources */,
				55F855FA237E5B50000B0491 /* Frameworks */,
				55F855FB237E5B50000B0491 /* Resources */,
			);
			buildRules = (
			);
			dependencies = (
				55F855FF237E5B50000B0491 /* PBXTargetDependency */,
			);
			name = MovieListTests;
			packageProductDependencies = (
				63C4682528AFD359007C634E /* MobiusNimble */,
				63C4682728AFD359007C634E /* MobiusTest */,
			);
			productName = MovieListTests;
			productReference = 55F855FD237E5B50000B0491 /* MovieListTests.xctest */;
			productType = "com.apple.product-type.bundle.unit-test";
		};
/* End PBXNativeTarget section */

/* Begin PBXProject section */
		55F855DF237E5B50000B0491 /* Project object */ = {
			isa = PBXProject;
			attributes = {
				LastSwiftUpdateCheck = 1120;
				LastUpgradeCheck = 1200;
				ORGANIZATIONNAME = rugmangathan;
				TargetAttributes = {
					55A2AC972382EA5200790AE1 = {
						CreatedOnToolsVersion = 11.2.1;
						TestTargetID = 55F855E6237E5B50000B0491;
					};
					55F855E6237E5B50000B0491 = {
						CreatedOnToolsVersion = 11.2.1;
					};
					55F855FC237E5B50000B0491 = {
						CreatedOnToolsVersion = 11.2.1;
						TestTargetID = 55F855E6237E5B50000B0491;
					};
				};
			};
			buildConfigurationList = 55F855E2237E5B50000B0491 /* Build configuration list for PBXProject "MovieList" */;
			compatibilityVersion = "Xcode 9.3";
			developmentRegion = en;
			hasScannedForEncodings = 0;
			knownRegions = (
				en,
				Base,
			);
			mainGroup = 55F855DE237E5B50000B0491;
			packageReferences = (
				63C4682028AFD359007C634E /* XCRemoteSwiftPackageReference "Mobius" */,
			);
			productRefGroup = 55F855E8237E5B50000B0491 /* Products */;
			projectDirPath = "";
			projectRoot = "";
			targets = (
				55F855E6237E5B50000B0491 /* MovieList */,
				55F855FC237E5B50000B0491 /* MovieListTests */,
				55A2AC972382EA5200790AE1 /* MovieListUITests */,
			);
		};
/* End PBXProject section */

/* Begin PBXResourcesBuildPhase section */
		55A2AC962382EA5200790AE1 /* Resources */ = {
			isa = PBXResourcesBuildPhase;
			buildActionMask = 2147483647;
			files = (
			);
			runOnlyForDeploymentPostprocessing = 0;
		};
		55F855E5237E5B50000B0491 /* Resources */ = {
			isa = PBXResourcesBuildPhase;
			buildActionMask = 2147483647;
			files = (
				55F855F7237E5B50000B0491 /* LaunchScreen.storyboard in Resources */,
				55F855F4237E5B50000B0491 /* Assets.xcassets in Resources */,
				55F855F2237E5B50000B0491 /* Main.storyboard in Resources */,
			);
			runOnlyForDeploymentPostprocessing = 0;
		};
		55F855FB237E5B50000B0491 /* Resources */ = {
			isa = PBXResourcesBuildPhase;
			buildActionMask = 2147483647;
			files = (
			);
			runOnlyForDeploymentPostprocessing = 0;
		};
/* End PBXResourcesBuildPhase section */

/* Begin PBXShellScriptBuildPhase section */
		55F8562A237E6D23000B0491 /* Cuckoo - mock generator */ = {
			isa = PBXShellScriptBuildPhase;
			buildActionMask = 2147483647;
			files = (
			);
			inputFileListPaths = (
			);
			inputPaths = (
			);
			name = "Cuckoo - mock generator";
			outputFileListPaths = (
			);
			outputPaths = (
			);
			runOnlyForDeploymentPostprocessing = 0;
			shellPath = /bin/sh;
			shellScript = "# Define output file. Change \"${PROJECT_DIR}/${PROJECT_NAME}Tests\" to your test's root source folder, if it's not the default name.\nOUTPUT_FILE=\"${PROJECT_DIR}/${PROJECT_NAME}Tests/Mocks/GeneratedMocks.swift\"\necho \"Generated Mocks File = ${OUTPUT_FILE}\"\n\n# Define input directory. Change \"${PROJECT_DIR}/${PROJECT_NAME}\" to your project's root source folder, if it's not the default name.\nINPUT_DIR=\"${PROJECT_DIR}\"\necho \"Mocks Input Directory = ${INPUT_DIR}\"\n\n# Generate mock files, include as many input files as you'd like to create mocks for.\n\"${PODS_ROOT}/Cuckoo/run\" generate --testable \"${PROJECT_NAME}\" \\\n--output \"${OUTPUT_FILE}\" \\\n\"${INPUT_DIR}/MovieListTests/MovieDB/SpyableMovieListAction.swift\" \n#\"${INPUT_DIR}/WeatherTests/MovieDB/SpyableMovieListView.swift\" \n# ... and so forth, the last line should never end with a backslash\n";
		};
/* End PBXShellScriptBuildPhase section */

/* Begin PBXSourcesBuildPhase section */
		55A2AC942382EA5200790AE1 /* Sources */ = {
			isa = PBXSourcesBuildPhase;
			buildActionMask = 2147483647;
			files = (
				55A2AC9B2382EA5200790AE1 /* MovieListUITests.swift in Sources */,
			);
			runOnlyForDeploymentPostprocessing = 0;
		};
		55F855E3237E5B50000B0491 /* Sources */ = {
			isa = PBXSourcesBuildPhase;
			buildActionMask = 2147483647;
			files = (
				55F855EF237E5B50000B0491 /* MovieListViewController.swift in Sources */,
				55F85631237E7559000B0491 /* Action.swift in Sources */,
				55F8563C237E763C000B0491 /* ApiService.swift in Sources */,
				55F85627237E6BCB000B0491 /* MovieListEffectHandler.swift in Sources */,
				55F85629237E6C95000B0491 /* MovieListAction.swift in Sources */,
				55F85637237E75AE000B0491 /* MovieData.swift in Sources */,
				55F8563E237E7692000B0491 /* MovieService.swift in Sources */,
				55F85619237E60B5000B0491 /* MovieListEvent.swift in Sources */,
				55F85642237E7CB8000B0491 /* MovieListViewRenderer.swift in Sources */,
				55F85617237E6096000B0491 /* MovieListModel.swift in Sources */,
				55F85644237E7F37000B0491 /* MovieListTableViewCell.swift in Sources */,
				55F85620237E62A2000B0491 /* FetchEvent.swift in Sources */,
				55F85635237E7577000B0491 /* Card.swift in Sources */,
				55F85623237E6306000B0491 /* Movie.swift in Sources */,
				55F855EB237E5B50000B0491 /* AppDelegate.swift in Sources */,
				55F85633237E756C000B0491 /* Content.swift in Sources */,
				55F8561B237E60CE000B0491 /* MovieListEffect.swift in Sources */,
				55F85640237E7C6F000B0491 /* MovieListView.swift in Sources */,
				55F8561D237E61C5000B0491 /* MoviesListLogic.swift in Sources */,
				55F85649237E8F6D000B0491 /* MovieDetailViewController.swift in Sources */,
				55F855ED237E5B50000B0491 /* SceneDelegate.swift in Sources */,
			);
			runOnlyForDeploymentPostprocessing = 0;
		};
		55F855F9237E5B50000B0491 /* Sources */ = {
			isa = PBXSourcesBuildPhase;
			buildActionMask = 2147483647;
			files = (
				55F85602237E5B50000B0491 /* MovieListTests.swift in Sources */,
				55F8562C237E6EA9000B0491 /* SpyableMovieListAction.swift in Sources */,
				55F85613237E5FA0000B0491 /* MovieListLogicTests.swift in Sources */,
				55F85625237E6AF0000B0491 /* MovieListEffectTests.swift in Sources */,
				55F8562F237E6F61000B0491 /* GeneratedMocks.swift in Sources */,
			);
			runOnlyForDeploymentPostprocessing = 0;
		};
/* End PBXSourcesBuildPhase section */

/* Begin PBXTargetDependency section */
		55A2AC9E2382EA5200790AE1 /* PBXTargetDependency */ = {
			isa = PBXTargetDependency;
			target = 55F855E6237E5B50000B0491 /* MovieList */;
			targetProxy = 55A2AC9D2382EA5200790AE1 /* PBXContainerItemProxy */;
		};
		55F855FF237E5B50000B0491 /* PBXTargetDependency */ = {
			isa = PBXTargetDependency;
			target = 55F855E6237E5B50000B0491 /* MovieList */;
			targetProxy = 55F855FE237E5B50000B0491 /* PBXContainerItemProxy */;
		};
/* End PBXTargetDependency section */

/* Begin PBXVariantGroup section */
		55F855F0237E5B50000B0491 /* Main.storyboard */ = {
			isa = PBXVariantGroup;
			children = (
				55F855F1237E5B50000B0491 /* Base */,
			);
			name = Main.storyboard;
			sourceTree = "<group>";
		};
		55F855F5237E5B50000B0491 /* LaunchScreen.storyboard */ = {
			isa = PBXVariantGroup;
			children = (
				55F855F6237E5B50000B0491 /* Base */,
			);
			name = LaunchScreen.storyboard;
			sourceTree = "<group>";
		};
/* End PBXVariantGroup section */

/* Begin XCBuildConfiguration section */
		55A2AC9F2382EA5200790AE1 /* Debug */ = {
			isa = XCBuildConfiguration;
			buildSettings = {
				CODE_SIGN_STYLE = Automatic;
				DEVELOPMENT_TEAM = X24545VLSC;
				ENABLE_TESTING_SEARCH_PATHS = YES;
				FRAMEWORK_SEARCH_PATHS = "$(inherited)";
				INFOPLIST_FILE = MovieListUITests/Info.plist;
				LD_RUNPATH_SEARCH_PATHS = (
					"$(inherited)",
					"@executable_path/Frameworks",
					"@loader_path/Frameworks",
				);
				PRODUCT_BUNDLE_IDENTIFIER = co.rugmangathan.MovieListUITests;
				PRODUCT_NAME = "$(TARGET_NAME)";
				SWIFT_VERSION = 5.0;
				TARGETED_DEVICE_FAMILY = "1,2";
				TEST_TARGET_NAME = MovieList;
			};
			name = Debug;
		};
		55A2ACA02382EA5200790AE1 /* Release */ = {
			isa = XCBuildConfiguration;
			buildSettings = {
				CODE_SIGN_STYLE = Automatic;
				DEVELOPMENT_TEAM = X24545VLSC;
				ENABLE_TESTING_SEARCH_PATHS = YES;
				FRAMEWORK_SEARCH_PATHS = "$(inherited)";
				INFOPLIST_FILE = MovieListUITests/Info.plist;
				LD_RUNPATH_SEARCH_PATHS = (
					"$(inherited)",
					"@executable_path/Frameworks",
					"@loader_path/Frameworks",
				);
				PRODUCT_BUNDLE_IDENTIFIER = co.rugmangathan.MovieListUITests;
				PRODUCT_NAME = "$(TARGET_NAME)";
				SWIFT_VERSION = 5.0;
				TARGETED_DEVICE_FAMILY = "1,2";
				TEST_TARGET_NAME = MovieList;
			};
			name = Release;
		};
		55F85604237E5B50000B0491 /* Debug */ = {
			isa = XCBuildConfiguration;
			buildSettings = {
				ALWAYS_SEARCH_USER_PATHS = NO;
				CLANG_ANALYZER_NONNULL = YES;
				CLANG_ANALYZER_NUMBER_OBJECT_CONVERSION = YES_AGGRESSIVE;
				CLANG_CXX_LANGUAGE_STANDARD = "gnu++14";
				CLANG_CXX_LIBRARY = "libc++";
				CLANG_ENABLE_MODULES = YES;
				CLANG_ENABLE_OBJC_ARC = YES;
				CLANG_ENABLE_OBJC_WEAK = YES;
				CLANG_WARN_BLOCK_CAPTURE_AUTORELEASING = YES;
				CLANG_WARN_BOOL_CONVERSION = YES;
				CLANG_WARN_COMMA = YES;
				CLANG_WARN_CONSTANT_CONVERSION = YES;
				CLANG_WARN_DEPRECATED_OBJC_IMPLEMENTATIONS = YES;
				CLANG_WARN_DIRECT_OBJC_ISA_USAGE = YES_ERROR;
				CLANG_WARN_DOCUMENTATION_COMMENTS = YES;
				CLANG_WARN_EMPTY_BODY = YES;
				CLANG_WARN_ENUM_CONVERSION = YES;
				CLANG_WARN_INFINITE_RECURSION = YES;
				CLANG_WARN_INT_CONVERSION = YES;
				CLANG_WARN_NON_LITERAL_NULL_CONVERSION = YES;
				CLANG_WARN_OBJC_IMPLICIT_RETAIN_SELF = YES;
				CLANG_WARN_OBJC_LITERAL_CONVERSION = YES;
				CLANG_WARN_OBJC_ROOT_CLASS = YES_ERROR;
				CLANG_WARN_QUOTED_INCLUDE_IN_FRAMEWORK_HEADER = YES;
				CLANG_WARN_RANGE_LOOP_ANALYSIS = YES;
				CLANG_WARN_STRICT_PROTOTYPES = YES;
				CLANG_WARN_SUSPICIOUS_MOVE = YES;
				CLANG_WARN_UNGUARDED_AVAILABILITY = YES_AGGRESSIVE;
				CLANG_WARN_UNREACHABLE_CODE = YES;
				CLANG_WARN__DUPLICATE_METHOD_MATCH = YES;
				COPY_PHASE_STRIP = NO;
				DEBUG_INFORMATION_FORMAT = dwarf;
				ENABLE_STRICT_OBJC_MSGSEND = YES;
				ENABLE_TESTABILITY = YES;
				GCC_C_LANGUAGE_STANDARD = gnu11;
				GCC_DYNAMIC_NO_PIC = NO;
				GCC_NO_COMMON_BLOCKS = YES;
				GCC_OPTIMIZATION_LEVEL = 0;
				GCC_PREPROCESSOR_DEFINITIONS = (
					"DEBUG=1",
					"$(inherited)",
				);
				GCC_WARN_64_TO_32_BIT_CONVERSION = YES;
				GCC_WARN_ABOUT_RETURN_TYPE = YES_ERROR;
				GCC_WARN_UNDECLARED_SELECTOR = YES;
				GCC_WARN_UNINITIALIZED_AUTOS = YES_AGGRESSIVE;
				GCC_WARN_UNUSED_FUNCTION = YES;
				GCC_WARN_UNUSED_VARIABLE = YES;
				IPHONEOS_DEPLOYMENT_TARGET = 13.2;
				MTL_ENABLE_DEBUG_INFO = INCLUDE_SOURCE;
				MTL_FAST_MATH = YES;
				ONLY_ACTIVE_ARCH = YES;
				SDKROOT = iphoneos;
				SWIFT_ACTIVE_COMPILATION_CONDITIONS = DEBUG;
				SWIFT_OPTIMIZATION_LEVEL = "-Onone";
			};
			name = Debug;
		};
		55F85605237E5B50000B0491 /* Release */ = {
			isa = XCBuildConfiguration;
			buildSettings = {
				ALWAYS_SEARCH_USER_PATHS = NO;
				CLANG_ANALYZER_NONNULL = YES;
				CLANG_ANALYZER_NUMBER_OBJECT_CONVERSION = YES_AGGRESSIVE;
				CLANG_CXX_LANGUAGE_STANDARD = "gnu++14";
				CLANG_CXX_LIBRARY = "libc++";
				CLANG_ENABLE_MODULES = YES;
				CLANG_ENABLE_OBJC_ARC = YES;
				CLANG_ENABLE_OBJC_WEAK = YES;
				CLANG_WARN_BLOCK_CAPTURE_AUTORELEASING = YES;
				CLANG_WARN_BOOL_CONVERSION = YES;
				CLANG_WARN_COMMA = YES;
				CLANG_WARN_CONSTANT_CONVERSION = YES;
				CLANG_WARN_DEPRECATED_OBJC_IMPLEMENTATIONS = YES;
				CLANG_WARN_DIRECT_OBJC_ISA_USAGE = YES_ERROR;
				CLANG_WARN_DOCUMENTATION_COMMENTS = YES;
				CLANG_WARN_EMPTY_BODY = YES;
				CLANG_WARN_ENUM_CONVERSION = YES;
				CLANG_WARN_INFINITE_RECURSION = YES;
				CLANG_WARN_INT_CONVERSION = YES;
				CLANG_WARN_NON_LITERAL_NULL_CONVERSION = YES;
				CLANG_WARN_OBJC_IMPLICIT_RETAIN_SELF = YES;
				CLANG_WARN_OBJC_LITERAL_CONVERSION = YES;
				CLANG_WARN_OBJC_ROOT_CLASS = YES_ERROR;
				CLANG_WARN_QUOTED_INCLUDE_IN_FRAMEWORK_HEADER = YES;
				CLANG_WARN_RANGE_LOOP_ANALYSIS = YES;
				CLANG_WARN_STRICT_PROTOTYPES = YES;
				CLANG_WARN_SUSPICIOUS_MOVE = YES;
				CLANG_WARN_UNGUARDED_AVAILABILITY = YES_AGGRESSIVE;
				CLANG_WARN_UNREACHABLE_CODE = YES;
				CLANG_WARN__DUPLICATE_METHOD_MATCH = YES;
				COPY_PHASE_STRIP = NO;
				DEBUG_INFORMATION_FORMAT = "dwarf-with-dsym";
				ENABLE_NS_ASSERTIONS = NO;
				ENABLE_STRICT_OBJC_MSGSEND = YES;
				GCC_C_LANGUAGE_STANDARD = gnu11;
				GCC_NO_COMMON_BLOCKS = YES;
				GCC_WARN_64_TO_32_BIT_CONVERSION = YES;
				GCC_WARN_ABOUT_RETURN_TYPE = YES_ERROR;
				GCC_WARN_UNDECLARED_SELECTOR = YES;
				GCC_WARN_UNINITIALIZED_AUTOS = YES_AGGRESSIVE;
				GCC_WARN_UNUSED_FUNCTION = YES;
				GCC_WARN_UNUSED_VARIABLE = YES;
				IPHONEOS_DEPLOYMENT_TARGET = 13.2;
				MTL_ENABLE_DEBUG_INFO = NO;
				MTL_FAST_MATH = YES;
				SDKROOT = iphoneos;
				SWIFT_COMPILATION_MODE = wholemodule;
				SWIFT_OPTIMIZATION_LEVEL = "-O";
				VALIDATE_PRODUCT = YES;
			};
			name = Release;
		};
		55F85607237E5B50000B0491 /* Debug */ = {
			isa = XCBuildConfiguration;
			buildSettings = {
				ASSETCATALOG_COMPILER_APPICON_NAME = AppIcon;
				CODE_SIGN_STYLE = Automatic;
				DEVELOPMENT_TEAM = X24545VLSC;
				INFOPLIST_FILE = MovieList/Resources/Info.plist;
				LD_RUNPATH_SEARCH_PATHS = (
					"$(inherited)",
					"@executable_path/Frameworks",
				);
				PRODUCT_BUNDLE_IDENTIFIER = co.rugmangathan.MovieList;
				PRODUCT_NAME = "$(TARGET_NAME)";
				SWIFT_VERSION = 5.0;
				TARGETED_DEVICE_FAMILY = "1,2";
			};
			name = Debug;
		};
		55F85608237E5B50000B0491 /* Release */ = {
			isa = XCBuildConfiguration;
			buildSettings = {
				ASSETCATALOG_COMPILER_APPICON_NAME = AppIcon;
				CODE_SIGN_STYLE = Automatic;
				DEVELOPMENT_TEAM = X24545VLSC;
				INFOPLIST_FILE = MovieList/Resources/Info.plist;
				LD_RUNPATH_SEARCH_PATHS = (
					"$(inherited)",
					"@executable_path/Frameworks",
				);
				PRODUCT_BUNDLE_IDENTIFIER = co.rugmangathan.MovieList;
				PRODUCT_NAME = "$(TARGET_NAME)";
				SWIFT_VERSION = 5.0;
				TARGETED_DEVICE_FAMILY = "1,2";
			};
			name = Release;
		};
		55F8560A237E5B50000B0491 /* Debug */ = {
			isa = XCBuildConfiguration;
			buildSettings = {
				ALWAYS_EMBED_SWIFT_STANDARD_LIBRARIES = YES;
				BUNDLE_LOADER = "$(TEST_HOST)";
				CODE_SIGN_STYLE = Automatic;
				DEVELOPMENT_TEAM = X24545VLSC;
				INFOPLIST_FILE = MovieListTests/Info.plist;
				IPHONEOS_DEPLOYMENT_TARGET = 13.2;
				LD_RUNPATH_SEARCH_PATHS = (
					"$(inherited)",
					"@executable_path/Frameworks",
					"@loader_path/Frameworks",
				);
				PRODUCT_BUNDLE_IDENTIFIER = co.rugmangathan.MovieListTests;
				PRODUCT_NAME = "$(TARGET_NAME)";
				SWIFT_VERSION = 5.0;
				TARGETED_DEVICE_FAMILY = "1,2";
				TEST_HOST = "$(BUILT_PRODUCTS_DIR)/MovieList.app/MovieList";
			};
			name = Debug;
		};
		55F8560B237E5B50000B0491 /* Release */ = {
			isa = XCBuildConfiguration;
			buildSettings = {
				ALWAYS_EMBED_SWIFT_STANDARD_LIBRARIES = YES;
				BUNDLE_LOADER = "$(TEST_HOST)";
				CODE_SIGN_STYLE = Automatic;
				DEVELOPMENT_TEAM = X24545VLSC;
				INFOPLIST_FILE = MovieListTests/Info.plist;
				IPHONEOS_DEPLOYMENT_TARGET = 13.2;
				LD_RUNPATH_SEARCH_PATHS = (
					"$(inherited)",
					"@executable_path/Frameworks",
					"@loader_path/Frameworks",
				);
				PRODUCT_BUNDLE_IDENTIFIER = co.rugmangathan.MovieListTests;
				PRODUCT_NAME = "$(TARGET_NAME)";
				SWIFT_VERSION = 5.0;
				TARGETED_DEVICE_FAMILY = "1,2";
				TEST_HOST = "$(BUILT_PRODUCTS_DIR)/MovieList.app/MovieList";
			};
			name = Release;
		};
/* End XCBuildConfiguration section */

/* Begin XCConfigurationList section */
		55A2ACA12382EA5200790AE1 /* Build configuration list for PBXNativeTarget "MovieListUITests" */ = {
			isa = XCConfigurationList;
			buildConfigurations = (
				55A2AC9F2382EA5200790AE1 /* Debug */,
				55A2ACA02382EA5200790AE1 /* Release */,
			);
			defaultConfigurationIsVisible = 0;
			defaultConfigurationName = Release;
		};
		55F855E2237E5B50000B0491 /* Build configuration list for PBXProject "MovieList" */ = {
			isa = XCConfigurationList;
			buildConfigurations = (
				55F85604237E5B50000B0491 /* Debug */,
				55F85605237E5B50000B0491 /* Release */,
			);
			defaultConfigurationIsVisible = 0;
			defaultConfigurationName = Release;
		};
		55F85606237E5B50000B0491 /* Build configuration list for PBXNativeTarget "MovieList" */ = {
			isa = XCConfigurationList;
			buildConfigurations = (
				55F85607237E5B50000B0491 /* Debug */,
				55F85608237E5B50000B0491 /* Release */,
			);
			defaultConfigurationIsVisible = 0;
			defaultConfigurationName = Release;
		};
		55F85609237E5B50000B0491 /* Build configuration list for PBXNativeTarget "MovieListTests" */ = {
			isa = XCConfigurationList;
			buildConfigurations = (
				55F8560A237E5B50000B0491 /* Debug */,
				55F8560B237E5B50000B0491 /* Release */,
			);
			defaultConfigurationIsVisible = 0;
			defaultConfigurationName = Release;
		};
/* End XCConfigurationList section */

/* Begin XCRemoteSwiftPackageReference section */
		63C4682028AFD359007C634E /* XCRemoteSwiftPackageReference "Mobius" */ = {
			isa = XCRemoteSwiftPackageReference;
			repositoryURL = "https://github.com/spotify/Mobius.swift";
			requirement = {
				kind = exactVersion;
				version = 0.5.0;
			};
		};
/* End XCRemoteSwiftPackageReference section */

/* Begin XCSwiftPackageProductDependency section */
		63C4682128AFD359007C634E /* MobiusCore */ = {
			isa = XCSwiftPackageProductDependency;
			package = 63C4682028AFD359007C634E /* XCRemoteSwiftPackageReference "Mobius" */;
			productName = MobiusCore;
		};
		63C4682328AFD359007C634E /* MobiusExtras */ = {
			isa = XCSwiftPackageProductDependency;
			package = 63C4682028AFD359007C634E /* XCRemoteSwiftPackageReference "Mobius" */;
			productName = MobiusExtras;
		};
		63C4682528AFD359007C634E /* MobiusNimble */ = {
			isa = XCSwiftPackageProductDependency;
			package = 63C4682028AFD359007C634E /* XCRemoteSwiftPackageReference "Mobius" */;
			productName = MobiusNimble;
		};
		63C4682728AFD359007C634E /* MobiusTest */ = {
			isa = XCSwiftPackageProductDependency;
			package = 63C4682028AFD359007C634E /* XCRemoteSwiftPackageReference "Mobius" */;
			productName = MobiusTest;
		};
/* End XCSwiftPackageProductDependency section */
	};
	rootObject = 55F855DF237E5B50000B0491 /* Project object */;
}
