// !$*UTF8*$!
{
	archiveVersion = 1;
	classes = {
	};
	objectVersion = 50;
	objects = {

/* Begin PBXBuildFile section */
		55F855EB237E5B50000B0491 /* AppDelegate.swift in Sources */ = {isa = PBXBuildFile; fileRef = 55F855EA237E5B50000B0491 /* AppDelegate.swift */; };
		55F855ED237E5B50000B0491 /* SceneDelegate.swift in Sources */ = {isa = PBXBuildFile; fileRef = 55F855EC237E5B50000B0491 /* SceneDelegate.swift */; };
		55F855EF237E5B50000B0491 /* ViewController.swift in Sources */ = {isa = PBXBuildFile; fileRef = 55F855EE237E5B50000B0491 /* ViewController.swift */; };
		55F855F2237E5B50000B0491 /* Main.storyboard in Resources */ = {isa = PBXBuildFile; fileRef = 55F855F0237E5B50000B0491 /* Main.storyboard */; };
		55F855F4237E5B50000B0491 /* Assets.xcassets in Resources */ = {isa = PBXBuildFile; fileRef = 55F855F3237E5B50000B0491 /* Assets.xcassets */; };
		55F855F7237E5B50000B0491 /* LaunchScreen.storyboard in Resources */ = {isa = PBXBuildFile; fileRef = 55F855F5237E5B50000B0491 /* LaunchScreen.storyboard */; };
		55F85602237E5B50000B0491 /* MovieListTests.swift in Sources */ = {isa = PBXBuildFile; fileRef = 55F85601237E5B50000B0491 /* MovieListTests.swift */; };
/* End PBXBuildFile section */

/* Begin PBXContainerItemProxy section */
		55F855FE237E5B50000B0491 /* PBXContainerItemProxy */ = {
			isa = PBXContainerItemProxy;
			containerPortal = 55F855DF237E5B50000B0491 /* Project object */;
			proxyType = 1;
			remoteGlobalIDString = 55F855E6237E5B50000B0491;
			remoteInfo = MovieList;
		};
/* End PBXContainerItemProxy section */

/* Begin PBXFileReference section */
		55F855E7237E5B50000B0491 /* MovieList.app */ = {isa = PBXFileReference; explicitFileType = wrapper.application; includeInIndex = 0; path = MovieList.app; sourceTree = BUILT_PRODUCTS_DIR; };
		55F855EA237E5B50000B0491 /* AppDelegate.swift */ = {isa = PBXFileReference; lastKnownFileType = sourcecode.swift; path = AppDelegate.swift; sourceTree = "<group>"; };
		55F855EC237E5B50000B0491 /* SceneDelegate.swift */ = {isa = PBXFileReference; lastKnownFileType = sourcecode.swift; path = SceneDelegate.swift; sourceTree = "<group>"; };
		55F855EE237E5B50000B0491 /* ViewController.swift */ = {isa = PBXFileReference; lastKnownFileType = sourcecode.swift; path = ViewController.swift; sourceTree = "<group>"; };
		55F855F1237E5B50000B0491 /* Base */ = {isa = PBXFileReference; lastKnownFileType = file.storyboard; name = Base; path = Base.lproj/Main.storyboard; sourceTree = "<group>"; };
		55F855F3237E5B50000B0491 /* Assets.xcassets */ = {isa = PBXFileReference; lastKnownFileType = folder.assetcatalog; path = Assets.xcassets; sourceTree = "<group>"; };
		55F855F6237E5B50000B0491 /* Base */ = {isa = PBXFileReference; lastKnownFileType = file.storyboard; name = Base; path = Base.lproj/LaunchScreen.storyboard; sourceTree = "<group>"; };
		55F855F8237E5B50000B0491 /* Info.plist */ = {isa = PBXFileReference; lastKnownFileType = text.plist.xml; path = Info.plist; sourceTree = "<group>"; };
		55F855FD237E5B50000B0491 /* MovieListTests.xctest */ = {isa = PBXFileReference; explicitFileType = wrapper.cfbundle; includeInIndex = 0; path = MovieListTests.xctest; sourceTree = BUILT_PRODUCTS_DIR; };
		55F85601237E5B50000B0491 /* MovieListTests.swift */ = {isa = PBXFileReference; lastKnownFileType = sourcecode.swift; path = MovieListTests.swift; sourceTree = "<group>"; };
		55F85603237E5B50000B0491 /* Info.plist */ = {isa = PBXFileReference; lastKnownFileType = text.plist.xml; path = Info.plist; sourceTree = "<group>"; };
/* End PBXFileReference section */

/* Begin PBXFrameworksBuildPhase section */
		55F855E4237E5B50000B0491 /* Frameworks */ = {
			isa = PBXFrameworksBuildPhase;
			buildActionMask = 2147483647;
			files = (
			);
			runOnlyForDeploymentPostprocessing = 0;
		};
		55F855FA237E5B50000B0491 /* Frameworks */ = {
			isa = PBXFrameworksBuildPhase;
			buildActionMask = 2147483647;
			files = (
			);
			runOnlyForDeploymentPostprocessing = 0;
		};
/* End PBXFrameworksBuildPhase section */

/* Begin PBXGroup section */
		55F855DE237E5B50000B0491 = {
			isa = PBXGroup;
			children = (
				55F855E9237E5B50000B0491 /* MovieList */,
				55F85600237E5B50000B0491 /* MovieListTests */,
				55F855E8237E5B50000B0491 /* Products */,
			);
			sourceTree = "<group>";
		};
		55F855E8237E5B50000B0491 /* Products */ = {
			isa = PBXGroup;
			children = (
				55F855E7237E5B50000B0491 /* MovieList.app */,
				55F855FD237E5B50000B0491 /* MovieListTests.xctest */,
			);
			name = Products;
			sourceTree = "<group>";
		};
		55F855E9237E5B50000B0491 /* MovieList */ = {
			isa = PBXGroup;
			children = (
				55F855EA237E5B50000B0491 /* AppDelegate.swift */,
				55F855EC237E5B50000B0491 /* SceneDelegate.swift */,
				55F855EE237E5B50000B0491 /* ViewController.swift */,
				55F855F0237E5B50000B0491 /* Main.storyboard */,
				55F855F3237E5B50000B0491 /* Assets.xcassets */,
				55F855F5237E5B50000B0491 /* LaunchScreen.storyboard */,
				55F855F8237E5B50000B0491 /* Info.plist */,
			);
			path = MovieList;
			sourceTree = "<group>";
		};
		55F85600237E5B50000B0491 /* MovieListTests */ = {
			isa = PBXGroup;
			children = (
				55F85601237E5B50000B0491 /* MovieListTests.swift */,
				55F85603237E5B50000B0491 /* Info.plist */,
			);
			path = MovieListTests;
			sourceTree = "<group>";
		};
/* End PBXGroup section */

/* Begin PBXNativeTarget section */
		55F855E6237E5B50000B0491 /* MovieList */ = {
			isa = PBXNativeTarget;
			buildConfigurationList = 55F85606237E5B50000B0491 /* Build configuration list for PBXNativeTarget "MovieList" */;
			buildPhases = (
				55F855E3237E5B50000B0491 /* Sources */,
				55F855E4237E5B50000B0491 /* Frameworks */,
				55F855E5237E5B50000B0491 /* Resources */,
			);
			buildRules = (
			);
			dependencies = (
			);
			name = MovieList;
			productName = MovieList;
			productReference = 55F855E7237E5B50000B0491 /* MovieList.app */;
			productType = "com.apple.product-type.application";
		};
		55F855FC237E5B50000B0491 /* MovieListTests */ = {
			isa = PBXNativeTarget;
			buildConfigurationList = 55F85609237E5B50000B0491 /* Build configuration list for PBXNativeTarget "MovieListTests" */;
			buildPhases = (
				55F855F9237E5B50000B0491 /* Sources */,
				55F855FA237E5B50000B0491 /* Frameworks */,
				55F855FB237E5B50000B0491 /* Resources */,
			);
			buildRules = (
			);
			dependencies = (
				55F855FF237E5B50000B0491 /* PBXTargetDependency */,
			);
			name = MovieListTests;
			productName = MovieListTests;
			productReference = 55F855FD237E5B50000B0491 /* MovieListTests.xctest */;
			productType = "com.apple.product-type.bundle.unit-test";
		};
/* End PBXNativeTarget section */

/* Begin PBXProject section */
		55F855DF237E5B50000B0491 /* Project object */ = {
			isa = PBXProject;
			attributes = {
				LastSwiftUpdateCheck = 1120;
				LastUpgradeCheck = 1120;
				ORGANIZATIONNAME = rugmangathan;
				TargetAttributes = {
					55F855E6237E5B50000B0491 = {
						CreatedOnToolsVersion = 11.2.1;
					};
					55F855FC237E5B50000B0491 = {
						CreatedOnToolsVersion = 11.2.1;
						TestTargetID = 55F855E6237E5B50000B0491;
					};
				};
			};
			buildConfigurationList = 55F855E2237E5B50000B0491 /* Build configuration list for PBXProject "MovieList" */;
			compatibilityVersion = "Xcode 9.3";
			developmentRegion = en;
			hasScannedForEncodings = 0;
			knownRegions = (
				en,
				Base,
			);
			mainGroup = 55F855DE237E5B50000B0491;
			productRefGroup = 55F855E8237E5B50000B0491 /* Products */;
			projectDirPath = "";
			projectRoot = "";
			targets = (
				55F855E6237E5B50000B0491 /* MovieList */,
				55F855FC237E5B50000B0491 /* MovieListTests */,
			);
		};
/* End PBXProject section */

/* Begin PBXResourcesBuildPhase section */
		55F855E5237E5B50000B0491 /* Resources */ = {
			isa = PBXResourcesBuildPhase;
			buildActionMask = 2147483647;
			files = (
				55F855F7237E5B50000B0491 /* LaunchScreen.storyboard in Resources */,
				55F855F4237E5B50000B0491 /* Assets.xcassets in Resources */,
				55F855F2237E5B50000B0491 /* Main.storyboard in Resources */,
			);
			runOnlyForDeploymentPostprocessing = 0;
		};
		55F855FB237E5B50000B0491 /* Resources */ = {
			isa = PBXResourcesBuildPhase;
			buildActionMask = 2147483647;
			files = (
			);
			runOnlyForDeploymentPostprocessing = 0;
		};
/* End PBXResourcesBuildPhase section */

/* Begin PBXSourcesBuildPhase section */
		55F855E3237E5B50000B0491 /* Sources */ = {
			isa = PBXSourcesBuildPhase;
			buildActionMask = 2147483647;
			files = (
				55F855EF237E5B50000B0491 /* ViewController.swift in Sources */,
				55F855EB237E5B50000B0491 /* AppDelegate.swift in Sources */,
				55F855ED237E5B50000B0491 /* SceneDelegate.swift in Sources */,
			);
			runOnlyForDeploymentPostprocessing = 0;
		};
		55F855F9237E5B50000B0491 /* Sources */ = {
			isa = PBXSourcesBuildPhase;
			buildActionMask = 2147483647;
			files = (
				55F85602237E5B50000B0491 /* MovieListTests.swift in Sources */,
			);
			runOnlyForDeploymentPostprocessing = 0;
		};
/* End PBXSourcesBuildPhase section */

/* Begin PBXTargetDependency section */
		55F855FF237E5B50000B0491 /* PBXTargetDependency */ = {
			isa = PBXTargetDependency;
			target = 55F855E6237E5B50000B0491 /* MovieList */;
			targetProxy = 55F855FE237E5B50000B0491 /* PBXContainerItemProxy */;
		};
/* End PBXTargetDependency section */

/* Begin PBXVariantGroup section */
		55F855F0237E5B50000B0491 /* Main.storyboard */ = {
			isa = PBXVariantGroup;
			children = (
				55F855F1237E5B50000B0491 /* Base */,
			);
			name = Main.storyboard;
			sourceTree = "<group>";
		};
		55F855F5237E5B50000B0491 /* LaunchScreen.storyboard */ = {
			isa = PBXVariantGroup;
			children = (
				55F855F6237E5B50000B0491 /* Base */,
			);
			name = LaunchScreen.storyboard;
			sourceTree = "<group>";
		};
/* End PBXVariantGroup section */

/* Begin XCBuildConfiguration section */
		55F85604237E5B50000B0491 /* Debug */ = {
			isa = XCBuildConfiguration;
			buildSettings = {
				ALWAYS_SEARCH_USER_PATHS = NO;
				CLANG_ANALYZER_NONNULL = YES;
				CLANG_ANALYZER_NUMBER_OBJECT_CONVERSION = YES_AGGRESSIVE;
				CLANG_CXX_LANGUAGE_STANDARD = "gnu++14";
				CLANG_CXX_LIBRARY = "libc++";
				CLANG_ENABLE_MODULES = YES;
				CLANG_ENABLE_OBJC_ARC = YES;
				CLANG_ENABLE_OBJC_WEAK = YES;
				CLANG_WARN_BLOCK_CAPTURE_AUTORELEASING = YES;
				CLANG_WARN_BOOL_CONVERSION = YES;
				CLANG_WARN_COMMA = YES;
				CLANG_WARN_CONSTANT_CONVERSION = YES;
				CLANG_WARN_DEPRECATED_OBJC_IMPLEMENTATIONS = YES;
				CLANG_WARN_DIRECT_OBJC_ISA_USAGE = YES_ERROR;
				CLANG_WARN_DOCUMENTATION_COMMENTS = YES;
				CLANG_WARN_EMPTY_BODY = YES;
				CLANG_WARN_ENUM_CONVERSION = YES;
				CLANG_WARN_INFINITE_RECURSION = YES;
				CLANG_WARN_INT_CONVERSION = YES;
				CLANG_WARN_NON_LITERAL_NULL_CONVERSION = YES;
				CLANG_WARN_OBJC_IMPLICIT_RETAIN_SELF = YES;
				CLANG_WARN_OBJC_LITERAL_CONVERSION = YES;
				CLANG_WARN_OBJC_ROOT_CLASS = YES_ERROR;
				CLANG_WARN_RANGE_LOOP_ANALYSIS = YES;
				CLANG_WARN_STRICT_PROTOTYPES = YES;
				CLANG_WARN_SUSPICIOUS_MOVE = YES;
				CLANG_WARN_UNGUARDED_AVAILABILITY = YES_AGGRESSIVE;
				CLANG_WARN_UNREACHABLE_CODE = YES;
				CLANG_WARN__DUPLICATE_METHOD_MATCH = YES;
				COPY_PHASE_STRIP = NO;
				DEBUG_INFORMATION_FORMAT = dwarf;
				ENABLE_STRICT_OBJC_MSGSEND = YES;
				ENABLE_TESTABILITY = YES;
				GCC_C_LANGUAGE_STANDARD = gnu11;
				GCC_DYNAMIC_NO_PIC = NO;
				GCC_NO_COMMON_BLOCKS = YES;
				GCC_OPTIMIZATION_LEVEL = 0;
				GCC_PREPROCESSOR_DEFINITIONS = (
					"DEBUG=1",
					"$(inherited)",
				);
				GCC_WARN_64_TO_32_BIT_CONVERSION = YES;
				GCC_WARN_ABOUT_RETURN_TYPE = YES_ERROR;
				GCC_WARN_UNDECLARED_SELECTOR = YES;
				GCC_WARN_UNINITIALIZED_AUTOS = YES_AGGRESSIVE;
				GCC_WARN_UNUSED_FUNCTION = YES;
				GCC_WARN_UNUSED_VARIABLE = YES;
				IPHONEOS_DEPLOYMENT_TARGET = 13.2;
				MTL_ENABLE_DEBUG_INFO = INCLUDE_SOURCE;
				MTL_FAST_MATH = YES;
				ONLY_ACTIVE_ARCH = YES;
				SDKROOT = iphoneos;
				SWIFT_ACTIVE_COMPILATION_CONDITIONS = DEBUG;
				SWIFT_OPTIMIZATION_LEVEL = "-Onone";
			};
			name = Debug;
		};
		55F85605237E5B50000B0491 /* Release */ = {
			isa = XCBuildConfiguration;
			buildSettings = {
				ALWAYS_SEARCH_USER_PATHS = NO;
				CLANG_ANALYZER_NONNULL = YES;
				CLANG_ANALYZER_NUMBER_OBJECT_CONVERSION = YES_AGGRESSIVE;
				CLANG_CXX_LANGUAGE_STANDARD = "gnu++14";
				CLANG_CXX_LIBRARY = "libc++";
				CLANG_ENABLE_MODULES = YES;
				CLANG_ENABLE_OBJC_ARC = YES;
				CLANG_ENABLE_OBJC_WEAK = YES;
				CLANG_WARN_BLOCK_CAPTURE_AUTORELEASING = YES;
				CLANG_WARN_BOOL_CONVERSION = YES;
				CLANG_WARN_COMMA = YES;
				CLANG_WARN_CONSTANT_CONVERSION = YES;
				CLANG_WARN_DEPRECATED_OBJC_IMPLEMENTATIONS = YES;
				CLANG_WARN_DIRECT_OBJC_ISA_USAGE = YES_ERROR;
				CLANG_WARN_DOCUMENTATION_COMMENTS = YES;
				CLANG_WARN_EMPTY_BODY = YES;
				CLANG_WARN_ENUM_CONVERSION = YES;
				CLANG_WARN_INFINITE_RECURSION = YES;
				CLANG_WARN_INT_CONVERSION = YES;
				CLANG_WARN_NON_LITERAL_NULL_CONVERSION = YES;
				CLANG_WARN_OBJC_IMPLICIT_RETAIN_SELF = YES;
				CLANG_WARN_OBJC_LITERAL_CONVERSION = YES;
				CLANG_WARN_OBJC_ROOT_CLASS = YES_ERROR;
				CLANG_WARN_RANGE_LOOP_ANALYSIS = YES;
				CLANG_WARN_STRICT_PROTOTYPES = YES;
				CLANG_WARN_SUSPICIOUS_MOVE = YES;
				CLANG_WARN_UNGUARDED_AVAILABILITY = YES_AGGRESSIVE;
				CLANG_WARN_UNREACHABLE_CODE = YES;
				CLANG_WARN__DUPLICATE_METHOD_MATCH = YES;
				COPY_PHASE_STRIP = NO;
				DEBUG_INFORMATION_FORMAT = "dwarf-with-dsym";
				ENABLE_NS_ASSERTIONS = NO;
				ENABLE_STRICT_OBJC_MSGSEND = YES;
				GCC_C_LANGUAGE_STANDARD = gnu11;
				GCC_NO_COMMON_BLOCKS = YES;
				GCC_WARN_64_TO_32_BIT_CONVERSION = YES;
				GCC_WARN_ABOUT_RETURN_TYPE = YES_ERROR;
				GCC_WARN_UNDECLARED_SELECTOR = YES;
				GCC_WARN_UNINITIALIZED_AUTOS = YES_AGGRESSIVE;
				GCC_WARN_UNUSED_FUNCTION = YES;
				GCC_WARN_UNUSED_VARIABLE = YES;
				IPHONEOS_DEPLOYMENT_TARGET = 13.2;
				MTL_ENABLE_DEBUG_INFO = NO;
				MTL_FAST_MATH = YES;
				SDKROOT = iphoneos;
				SWIFT_COMPILATION_MODE = wholemodule;
				SWIFT_OPTIMIZATION_LEVEL = "-O";
				VALIDATE_PRODUCT = YES;
			};
			name = Release;
		};
		55F85607237E5B50000B0491 /* Debug */ = {
			isa = XCBuildConfiguration;
			buildSettings = {
				ASSETCATALOG_COMPILER_APPICON_NAME = AppIcon;
				CODE_SIGN_STYLE = Automatic;
				DEVELOPMENT_TEAM = X24545VLSC;
				INFOPLIST_FILE = MovieList/Info.plist;
				LD_RUNPATH_SEARCH_PATHS = (
					"$(inherited)",
					"@executable_path/Frameworks",
				);
				PRODUCT_BUNDLE_IDENTIFIER = co.rugmangathan.MovieList;
				PRODUCT_NAME = "$(TARGET_NAME)";
				SWIFT_VERSION = 5.0;
				TARGETED_DEVICE_FAMILY = "1,2";
			};
			name = Debug;
		};
		55F85608237E5B50000B0491 /* Release */ = {
			isa = XCBuildConfiguration;
			buildSettings = {
				ASSETCATALOG_COMPILER_APPICON_NAME = AppIcon;
				CODE_SIGN_STYLE = Automatic;
				DEVELOPMENT_TEAM = X24545VLSC;
				INFOPLIST_FILE = MovieList/Info.plist;
				LD_RUNPATH_SEARCH_PATHS = (
					"$(inherited)",
					"@executable_path/Frameworks",
				);
				PRODUCT_BUNDLE_IDENTIFIER = co.rugmangathan.MovieList;
				PRODUCT_NAME = "$(TARGET_NAME)";
				SWIFT_VERSION = 5.0;
				TARGETED_DEVICE_FAMILY = "1,2";
			};
			name = Release;
		};
		55F8560A237E5B50000B0491 /* Debug */ = {
			isa = XCBuildConfiguration;
			buildSettings = {
				ALWAYS_EMBED_SWIFT_STANDARD_LIBRARIES = YES;
				BUNDLE_LOADER = "$(TEST_HOST)";
				CODE_SIGN_STYLE = Automatic;
				DEVELOPMENT_TEAM = X24545VLSC;
				INFOPLIST_FILE = MovieListTests/Info.plist;
				IPHONEOS_DEPLOYMENT_TARGET = 13.2;
				LD_RUNPATH_SEARCH_PATHS = (
					"$(inherited)",
					"@executable_path/Frameworks",
					"@loader_path/Frameworks",
				);
				PRODUCT_BUNDLE_IDENTIFIER = co.rugmangathan.MovieListTests;
				PRODUCT_NAME = "$(TARGET_NAME)";
				SWIFT_VERSION = 5.0;
				TARGETED_DEVICE_FAMILY = "1,2";
				TEST_HOST = "$(BUILT_PRODUCTS_DIR)/MovieList.app/MovieList";
			};
			name = Debug;
		};
		55F8560B237E5B50000B0491 /* Release */ = {
			isa = XCBuildConfiguration;
			buildSettings = {
				ALWAYS_EMBED_SWIFT_STANDARD_LIBRARIES = YES;
				BUNDLE_LOADER = "$(TEST_HOST)";
				CODE_SIGN_STYLE = Automatic;
				DEVELOPMENT_TEAM = X24545VLSC;
				INFOPLIST_FILE = MovieListTests/Info.plist;
				IPHONEOS_DEPLOYMENT_TARGET = 13.2;
				LD_RUNPATH_SEARCH_PATHS = (
					"$(inherited)",
					"@executable_path/Frameworks",
					"@loader_path/Frameworks",
				);
				PRODUCT_BUNDLE_IDENTIFIER = co.rugmangathan.MovieListTests;
				PRODUCT_NAME = "$(TARGET_NAME)";
				SWIFT_VERSION = 5.0;
				TARGETED_DEVICE_FAMILY = "1,2";
				TEST_HOST = "$(BUILT_PRODUCTS_DIR)/MovieList.app/MovieList";
			};
			name = Release;
		};
/* End XCBuildConfiguration section */

/* Begin XCConfigurationList section */
		55F855E2237E5B50000B0491 /* Build configuration list for PBXProject "MovieList" */ = {
			isa = XCConfigurationList;
			buildConfigurations = (
				55F85604237E5B50000B0491 /* Debug */,
				55F85605237E5B50000B0491 /* Release */,
			);
			defaultConfigurationIsVisible = 0;
			defaultConfigurationName = Release;
		};
		55F85606237E5B50000B0491 /* Build configuration list for PBXNativeTarget "MovieList" */ = {
			isa = XCConfigurationList;
			buildConfigurations = (
				55F85607237E5B50000B0491 /* Debug */,
				55F85608237E5B50000B0491 /* Release */,
			);
			defaultConfigurationIsVisible = 0;
			defaultConfigurationName = Release;
		};
		55F85609237E5B50000B0491 /* Build configuration list for PBXNativeTarget "MovieListTests" */ = {
			isa = XCConfigurationList;
			buildConfigurations = (
				55F8560A237E5B50000B0491 /* Debug */,
				55F8560B237E5B50000B0491 /* Release */,
			);
			defaultConfigurationIsVisible = 0;
			defaultConfigurationName = Release;
		};
/* End XCConfigurationList section */
	};
	rootObject = 55F855DF237E5B50000B0491 /* Project object */;
}
