PODS:
  - Cuckoo (1.4.0):
    - Cuckoo/Swift (= 1.4.0)
  - Cuckoo/Swift (1.4.0)
  - MobiusCore (0.3.0)
  - MobiusExtras (0.3.0):
    - MobiusCore (= 0.3.0)
  - MobiusNimble (0.3.0):
    - MobiusCore (= 0.3.0)
    - MobiusTest (= 0.3.0)
    - Nimble (~> 8.0.7)
  - MobiusTest (0.3.0):
    - MobiusCore (= 0.3.0)
  - Nimble (8.0.7)

DEPENDENCIES:
  - Cuckoo (= 1.4.0)
  - MobiusCore (= 0.3.0)
  - MobiusExtras (= 0.3.0)
  - MobiusNimble (= 0.3.0)
  - MobiusTest (= 0.3.0)

SPEC REPOS:
  trunk:
    - Cuckoo
    - MobiusCore
    - MobiusExtras
    - MobiusNimble
    - MobiusTest
    - Nimble

SPEC CHECKSUMS:
  Cuckoo: da26594ea25d227d788cd2f25466442a4348c486
  MobiusCore: 2361e1b9c4775ebd56661a8859bdc0260cd569d7
  MobiusExtras: 2cbecc1a8a954be37a4d75e758b9ffd62cd4c8db
  MobiusNimble: 9bbdf32a9186a79c472b944f67e370ab8351818e
  MobiusTest: 93bad240001b45e12b41d4e2afd6fea02e422d98
  Nimble: a73af6ecd4c9106f434f3d55fc54570be3739e0b

PODFILE CHECKSUM: 154ed90ed57f3a1d54b3be1698d5ee7daecb3f13

COCOAPODS: 1.9.3
